name: update-flake-lock
on:
  push:
  workflow_dispatch:
  schedule:
    - cron: '0 0 * * 0' # runs weekly on Sunday at 00:00 UTC
jobs:
  lockfile:
    runs-on: ubuntu-latest
    steps:
      - uses: actions/checkout@main
      - uses: DeterminateSystems/nix-installer-action@main
      - uses: DeterminateSystems/magic-nix-cache-action@main
      - uses: DeterminateSystems/update-flake-lock@main
        with:
          pr-title: "nix: Update flake.lock"
          pr-labels: |
            automated
