name: update-flake-lock
on:
  push:
  workflow_dispatch:
  schedule:
    - cron: '0 0 * * 0' # runs weekly on Sunday at 00:00 UTC
jobs:
  lockfile:
    runs-on: ubuntu-latest
    steps:
      - uses: actions/checkout@main
      - uses: cachix/install-nix-action@main
        with:
          nix_path: nixpkgs=channel:nixos-unstable
          extra_nix_config: |
            trusted-public-keys = cache.garnix.io:CTFPyKSLcx5RMJKfLo5EEPUObbA78b0YQ2DTCJXqr9g= cache.nixos.org-1:6NCHdD59X431o0gWypbMrAURkbJ16ZPMQFGspcDShjY=
            substituters = https://cache.garnix.io?priority=41 https://cache.nixos.org/
            access-tokens = github.com=${{ secrets.GITHUB_TOKEN }}
      - uses: DeterminateSystems/update-flake-lock@main
        with:
          pr-title: "nix: Update flake.lock"
          pr-labels: |
            automated
